
Microsoft Visual Studio Solution File, Format Version 12.00
# Visual Studio Version 17
VisualStudioVersion = 17.8.34330.188
MinimumVisualStudioVersion = 10.0.40219.1
Project("{00D1A9C2-B5F0-4AF3-8072-F6C62B433612}") = "LinkeMe.SqlDatabase", "LinkeMe.SqlDatabase\LinkeMe.SqlDatabase.sqlproj", "{0F2002B9-0065-4087-B587-431B36A4A0C7}"
EndProject
Global
	GlobalSection(SolutionConfigurationPlatforms) = preSolution
		Debug|Any CPU = Debug|Any CPU
		Release|Any CPU = Release|Any CPU
	EndGlobalSection
	GlobalSection(ProjectConfigurationPlatforms) = postSolution
		{0F2002B9-0065-4087-B587-431B36A4A0C7}.Debug|Any CPU.ActiveCfg = Debug|Any CPU
		{0F2002B9-0065-4087-B587-431B36A4A0C7}.Debug|Any CPU.Build.0 = Debug|Any CPU
		{0F2002B9-0065-4087-B587-431B36A4A0C7}.Debug|Any CPU.Deploy.0 = Debug|Any CPU
		{0F2002B9-0065-4087-B587-431B36A4A0C7}.Release|Any CPU.ActiveCfg = Release|Any CPU
		{0F2002B9-0065-4087-B587-431B36A4A0C7}.Release|Any CPU.Build.0 = Release|Any CPU
		{0F2002B9-0065-4087-B587-431B36A4A0C7}.Release|Any CPU.Deploy.0 = Release|Any CPU
	EndGlobalSection
	GlobalSection(SolutionProperties) = preSolution
		HideSolutionNode = FALSE
	EndGlobalSection
	GlobalSection(ExtensibilityGlobals) = postSolution
		SolutionGuid = {70E45D4F-1847-4DE6-AB32-028C8B8E431A}
	EndGlobalSection
EndGlobal
